// !$*UTF8*$!
{
	archiveVersion = 1;
	classes = {
	};
	objectVersion = 77;
	objects = {

/* Begin PBXBuildFile section */
		091FDAD32F081016EF26B633 /* WorkspaceNavigation.swift in Sources */ = {isa = PBXBuildFile; fileRef = 53357C44746F34021F61D105 /* WorkspaceNavigation.swift */; };
		0C0CB0910404C6F1CC434CA4 /* MacMarkdownPreview.swift in Sources */ = {isa = PBXBuildFile; fileRef = F8E52785149504598BCD9326 /* MacMarkdownPreview.swift */; };
		1017CA1D06A35884E29B14D6 /* MarkdownEditor in Frameworks */ = {isa = PBXBuildFile; productRef = ACA50019022706A5E4864349 /* MarkdownEditor */; };
		102379917992FC0E072A4D94 /* WorkspaceDocumentVaultMapping.swift in Sources */ = {isa = PBXBuildFile; fileRef = 3D0DA9C105A8811654F22980 /* WorkspaceDocumentVaultMapping.swift */; };
		19AED429D943C93B52F859C1 /* WorkspacePreviewDocuments.swift in Sources */ = {isa = PBXBuildFile; fileRef = 84DB676DB429E3DC9125F3AF /* WorkspacePreviewDocuments.swift */; };
		4E39826C9A6B0DDCA201A4C2 /* MacNewNoteSheet.swift in Sources */ = {isa = PBXBuildFile; fileRef = 142315ABF89E0C9910FC3C06 /* MacNewNoteSheet.swift */; };
		500278AC770BF2FFF0EF2357 /* GrimoireWorkspaceModel.swift in Sources */ = {isa = PBXBuildFile; fileRef = 8F42FBDE1D280FA325B5C641 /* GrimoireWorkspaceModel.swift */; };
		5850B02064DB46BD6B4CBF92 /* GrimoireRootView.swift in Sources */ = {isa = PBXBuildFile; fileRef = 29949C66B55D5052C26F6E5B /* GrimoireRootView.swift */; };
		611085071DCED9B58F17090C /* GrimoireVaultService.swift in Sources */ = {isa = PBXBuildFile; fileRef = C4C42BD67D2571E70249870D /* GrimoireVaultService.swift */; };
		67068215906EB30D81195453 /* GrimoireDocumentModel.swift in Sources */ = {isa = PBXBuildFile; fileRef = D0E6D38440D359F3DB27C85F /* GrimoireDocumentModel.swift */; };
		6E08A92E409FD3060D73FF3D /* MacWorkspaceView.swift in Sources */ = {isa = PBXBuildFile; fileRef = 7563E9E18AEEDD5B30C76249 /* MacWorkspaceView.swift */; };
		736F29C5769E33A4DBA6CEDD /* GrimoireRootView.swift in Sources */ = {isa = PBXBuildFile; fileRef = 29949C66B55D5052C26F6E5B /* GrimoireRootView.swift */; };
		767200D5620DF6E3EED164F9 /* MacVaultService.swift in Sources */ = {isa = PBXBuildFile; fileRef = F5EB041501E9C500BA81847F /* MacVaultService.swift */; };
		7B102A4BD23F6F83B19B8C66 /* MarkdownEditorUI in Frameworks */ = {isa = PBXBuildFile; productRef = 9C796F9D3EF326A64A1D4D10 /* MarkdownEditorUI */; };
		7B36A404D9C4F5DB19FC7FA4 /* GrimoireDocumentModel.swift in Sources */ = {isa = PBXBuildFile; fileRef = D0E6D38440D359F3DB27C85F /* GrimoireDocumentModel.swift */; };
		7DB1E94F14B70BB6991495AA /* MarkdownEditor in Frameworks */ = {isa = PBXBuildFile; productRef = 0E4AC7DA34E4DC5678298629 /* MarkdownEditor */; };
		8CC942FA0A4170755A10F090 /* MacNativeMaterial.swift in Sources */ = {isa = PBXBuildFile; fileRef = B72D2E4FD7D69093BD38A6B7 /* MacNativeMaterial.swift */; };
		9290EDDDA015DC8469F37A8D /* MacEditorWorkspace.swift in Sources */ = {isa = PBXBuildFile; fileRef = FF619A645B202079E3C5EE8F /* MacEditorWorkspace.swift */; };
		A0B538CCDBE32353D82244EC /* MacPageList.swift in Sources */ = {isa = PBXBuildFile; fileRef = C7B76D261E2777CD3F0C4278 /* MacPageList.swift */; };
		A2F493B61DC63C6AB87C8E82 /* MacWorkspaceSidebar.swift in Sources */ = {isa = PBXBuildFile; fileRef = 155754323936FEBBC6A9C770 /* MacWorkspaceSidebar.swift */; };
		AEAFF3DD7AAAE511D53BBD18 /* GrimoireWorkspaceModel.swift in Sources */ = {isa = PBXBuildFile; fileRef = 8F42FBDE1D280FA325B5C641 /* GrimoireWorkspaceModel.swift */; };
		AEDDEA5E8221AAD5632BFFDF /* GrimoireVaultService.swift in Sources */ = {isa = PBXBuildFile; fileRef = C4C42BD67D2571E70249870D /* GrimoireVaultService.swift */; };
		B4ACBC68706CDE9ECCF655D4 /* GrimoireProductContracts in Frameworks */ = {isa = PBXBuildFile; productRef = 10729073694254F9B7930EC1 /* GrimoireProductContracts */; };
		BCC6C33F66ECF2919F170F18 /* NotebookCapture.swift in Sources */ = {isa = PBXBuildFile; fileRef = E40535574C5DF6C52E0F4C0F /* NotebookCapture.swift */; };
		BD48F4487E31E9F5F43495BE /* GrimoireIOSApp.swift in Sources */ = {isa = PBXBuildFile; fileRef = 738200D07FF1C234DFCE049A /* GrimoireIOSApp.swift */; };
		BDF81227A0118A792A486E45 /* GrimoireProductContracts in Frameworks */ = {isa = PBXBuildFile; productRef = 29D4091711E973810A31602B /* GrimoireProductContracts */; };
		C2404C2A7A20E8E55A789D48 /* WorkspacePreviewDocuments.swift in Sources */ = {isa = PBXBuildFile; fileRef = 84DB676DB429E3DC9125F3AF /* WorkspacePreviewDocuments.swift */; };
		CCF45F6D8293D4F807378A66 /* WorkspaceDocumentVaultMapping.swift in Sources */ = {isa = PBXBuildFile; fileRef = 3D0DA9C105A8811654F22980 /* WorkspaceDocumentVaultMapping.swift */; };
		CD20D936D61774C7DC6BB05E /* GrimoireMacApp.swift in Sources */ = {isa = PBXBuildFile; fileRef = B6B6B4045BD9CDAE9143BEE4 /* GrimoireMacApp.swift */; };
		D273A35E55FAB8DA878831B2 /* MacContextInspector.swift in Sources */ = {isa = PBXBuildFile; fileRef = ECA7503DB1C2C721065EE1C3 /* MacContextInspector.swift */; };
		D9F77D763BF78EC044291E45 /* MacNotebookTheme.swift in Sources */ = {isa = PBXBuildFile; fileRef = 76BF546386080ED672C62270 /* MacNotebookTheme.swift */; };
		DBC2D516FD5118D9ADEAD832 /* WorkspaceNavigation.swift in Sources */ = {isa = PBXBuildFile; fileRef = 53357C44746F34021F61D105 /* WorkspaceNavigation.swift */; };
		E18EA4BA0DE467B00EEA12E5 /* GrimoireWorkspaceModelTests.swift in Sources */ = {isa = PBXBuildFile; fileRef = A502D3E84A1D440C216EF27A /* GrimoireWorkspaceModelTests.swift */; };
		E517DBA82153425FE1848062 /* MarkdownEditorUI in Frameworks */ = {isa = PBXBuildFile; productRef = A8917BAEFF5A713D93222F7F /* MarkdownEditorUI */; };
		E6A8C8770230BB2408B9DC6E /* Assets.xcassets in Resources */ = {isa = PBXBuildFile; fileRef = C88B60C2E294E6006CF7641C /* Assets.xcassets */; };
		F1E4805C8D694856FC41FC4B /* MacNotebookDashboard.swift in Sources */ = {isa = PBXBuildFile; fileRef = F41BF60C1AB3C5761EE072D0 /* MacNotebookDashboard.swift */; };
		F61BC101DBA65678A3881D40 /* NotebookCapture.swift in Sources */ = {isa = PBXBuildFile; fileRef = E40535574C5DF6C52E0F4C0F /* NotebookCapture.swift */; };
		F7645632AF619C2360E621A9 /* Assets.xcassets in Resources */ = {isa = PBXBuildFile; fileRef = C88B60C2E294E6006CF7641C /* Assets.xcassets */; };
/* End PBXBuildFile section */

/* Begin PBXContainerItemProxy section */
		30ACB22B80DCB25A88113164 /* PBXContainerItemProxy */ = {
			isa = PBXContainerItemProxy;
			containerPortal = 7433E3A51D34F80EA75C6E94 /* Project object */;
			proxyType = 1;
			remoteGlobalIDString = B80C4D1DDDEDBFD45ECFB7A9;
			remoteInfo = Grimoire;
		};
/* End PBXContainerItemProxy section */

/* Begin PBXFileReference section */
		0538B36E2E874361D2118DB5 /* Grimoire.app */ = {isa = PBXFileReference; explicitFileType = wrapper.application; includeInIndex = 0; path = Grimoire.app; sourceTree = BUILT_PRODUCTS_DIR; };
		142315ABF89E0C9910FC3C06 /* MacNewNoteSheet.swift */ = {isa = PBXFileReference; lastKnownFileType = sourcecode.swift; path = MacNewNoteSheet.swift; sourceTree = "<group>"; };
		155754323936FEBBC6A9C770 /* MacWorkspaceSidebar.swift */ = {isa = PBXFileReference; lastKnownFileType = sourcecode.swift; path = MacWorkspaceSidebar.swift; sourceTree = "<group>"; };
		29949C66B55D5052C26F6E5B /* GrimoireRootView.swift */ = {isa = PBXFileReference; lastKnownFileType = sourcecode.swift; path = GrimoireRootView.swift; sourceTree = "<group>"; };
		3D0DA9C105A8811654F22980 /* WorkspaceDocumentVaultMapping.swift */ = {isa = PBXFileReference; lastKnownFileType = sourcecode.swift; path = WorkspaceDocumentVaultMapping.swift; sourceTree = "<group>"; };
		53357C44746F34021F61D105 /* WorkspaceNavigation.swift */ = {isa = PBXFileReference; lastKnownFileType = sourcecode.swift; path = WorkspaceNavigation.swift; sourceTree = "<group>"; };
		738200D07FF1C234DFCE049A /* GrimoireIOSApp.swift */ = {isa = PBXFileReference; lastKnownFileType = sourcecode.swift; path = GrimoireIOSApp.swift; sourceTree = "<group>"; };
		73B0BF9AC12C5E5F374E01EB /* Grimoire.app */ = {isa = PBXFileReference; includeInIndex = 0; lastKnownFileType = wrapper.application; path = Grimoire.app; sourceTree = BUILT_PRODUCTS_DIR; };
		7563E9E18AEEDD5B30C76249 /* MacWorkspaceView.swift */ = {isa = PBXFileReference; lastKnownFileType = sourcecode.swift; path = MacWorkspaceView.swift; sourceTree = "<group>"; };
		76BF546386080ED672C62270 /* MacNotebookTheme.swift */ = {isa = PBXFileReference; lastKnownFileType = sourcecode.swift; path = MacNotebookTheme.swift; sourceTree = "<group>"; };
		778C26C4861A70A7D7C8CBC0 /* GrimoireTests.xctest */ = {isa = PBXFileReference; explicitFileType = wrapper.cfbundle; includeInIndex = 0; path = GrimoireTests.xctest; sourceTree = BUILT_PRODUCTS_DIR; };
		7CE1183F7DFE54CCDBB9C64F /* product-contracts */ = {isa = PBXFileReference; lastKnownFileType = folder; name = "product-contracts"; path = "../../packages/product-contracts"; sourceTree = SOURCE_ROOT; };
		84DB676DB429E3DC9125F3AF /* WorkspacePreviewDocuments.swift */ = {isa = PBXFileReference; lastKnownFileType = sourcecode.swift; path = WorkspacePreviewDocuments.swift; sourceTree = "<group>"; };
		8F42FBDE1D280FA325B5C641 /* GrimoireWorkspaceModel.swift */ = {isa = PBXFileReference; lastKnownFileType = sourcecode.swift; path = GrimoireWorkspaceModel.swift; sourceTree = "<group>"; };
		A502D3E84A1D440C216EF27A /* GrimoireWorkspaceModelTests.swift */ = {isa = PBXFileReference; lastKnownFileType = sourcecode.swift; path = GrimoireWorkspaceModelTests.swift; sourceTree = "<group>"; };
		B6B6B4045BD9CDAE9143BEE4 /* GrimoireMacApp.swift */ = {isa = PBXFileReference; lastKnownFileType = sourcecode.swift; path = GrimoireMacApp.swift; sourceTree = "<group>"; };
		B72D2E4FD7D69093BD38A6B7 /* MacNativeMaterial.swift */ = {isa = PBXFileReference; lastKnownFileType = sourcecode.swift; path = MacNativeMaterial.swift; sourceTree = "<group>"; };
		C4C42BD67D2571E70249870D /* GrimoireVaultService.swift */ = {isa = PBXFileReference; lastKnownFileType = sourcecode.swift; path = GrimoireVaultService.swift; sourceTree = "<group>"; };
		C7B76D261E2777CD3F0C4278 /* MacPageList.swift */ = {isa = PBXFileReference; lastKnownFileType = sourcecode.swift; path = MacPageList.swift; sourceTree = "<group>"; };
		C88B60C2E294E6006CF7641C /* Assets.xcassets */ = {isa = PBXFileReference; lastKnownFileType = folder.assetcatalog; path = Assets.xcassets; sourceTree = "<group>"; };
		D0E6D38440D359F3DB27C85F /* GrimoireDocumentModel.swift */ = {isa = PBXFileReference; lastKnownFileType = sourcecode.swift; path = GrimoireDocumentModel.swift; sourceTree = "<group>"; };
		E40535574C5DF6C52E0F4C0F /* NotebookCapture.swift */ = {isa = PBXFileReference; lastKnownFileType = sourcecode.swift; path = NotebookCapture.swift; sourceTree = "<group>"; };
		ECA7503DB1C2C721065EE1C3 /* MacContextInspector.swift */ = {isa = PBXFileReference; lastKnownFileType = sourcecode.swift; path = MacContextInspector.swift; sourceTree = "<group>"; };
		F3A787710AEFADD5F20D811D /* swift */ = {isa = PBXFileReference; lastKnownFileType = folder; name = swift; path = "../../markdown-editor/packages/swift"; sourceTree = SOURCE_ROOT; };
		F41BF60C1AB3C5761EE072D0 /* MacNotebookDashboard.swift */ = {isa = PBXFileReference; lastKnownFileType = sourcecode.swift; path = MacNotebookDashboard.swift; sourceTree = "<group>"; };
		F5EB041501E9C500BA81847F /* MacVaultService.swift */ = {isa = PBXFileReference; lastKnownFileType = sourcecode.swift; path = MacVaultService.swift; sourceTree = "<group>"; };
		F8E52785149504598BCD9326 /* MacMarkdownPreview.swift */ = {isa = PBXFileReference; lastKnownFileType = sourcecode.swift; path = MacMarkdownPreview.swift; sourceTree = "<group>"; };
		FF619A645B202079E3C5EE8F /* MacEditorWorkspace.swift */ = {isa = PBXFileReference; lastKnownFileType = sourcecode.swift; path = MacEditorWorkspace.swift; sourceTree = "<group>"; };
/* End PBXFileReference section */

/* Begin PBXFrameworksBuildPhase section */
		E8BB37495CDDCBC33EFE325C /* Frameworks */ = {
			isa = PBXFrameworksBuildPhase;
			buildActionMask = 2147483647;
			files = (
				1017CA1D06A35884E29B14D6 /* MarkdownEditor in Frameworks */,
				7B102A4BD23F6F83B19B8C66 /* MarkdownEditorUI in Frameworks */,
				BDF81227A0118A792A486E45 /* GrimoireProductContracts in Frameworks */,
			);
			runOnlyForDeploymentPostprocessing = 0;
		};
		EA191DE78C94040B8D6F988B /* Frameworks */ = {
			isa = PBXFrameworksBuildPhase;
			buildActionMask = 2147483647;
			files = (
				7DB1E94F14B70BB6991495AA /* MarkdownEditor in Frameworks */,
				E517DBA82153425FE1848062 /* MarkdownEditorUI in Frameworks */,
				B4ACBC68706CDE9ECCF655D4 /* GrimoireProductContracts in Frameworks */,
			);
			runOnlyForDeploymentPostprocessing = 0;
		};
/* End PBXFrameworksBuildPhase section */

/* Begin PBXGroup section */
		33076A98194187FB8B16F4AE /* iOS */ = {
			isa = PBXGroup;
			children = (
				738200D07FF1C234DFCE049A /* GrimoireIOSApp.swift */,
			);
			path = iOS;
			sourceTree = "<group>";
		};
		37606C98EE843903AE67A40E /* macOS */ = {
			isa = PBXGroup;
			children = (
				B6B6B4045BD9CDAE9143BEE4 /* GrimoireMacApp.swift */,
				ECA7503DB1C2C721065EE1C3 /* MacContextInspector.swift */,
				FF619A645B202079E3C5EE8F /* MacEditorWorkspace.swift */,
				F8E52785149504598BCD9326 /* MacMarkdownPreview.swift */,
				B72D2E4FD7D69093BD38A6B7 /* MacNativeMaterial.swift */,
				142315ABF89E0C9910FC3C06 /* MacNewNoteSheet.swift */,
				F41BF60C1AB3C5761EE072D0 /* MacNotebookDashboard.swift */,
				76BF546386080ED672C62270 /* MacNotebookTheme.swift */,
				C7B76D261E2777CD3F0C4278 /* MacPageList.swift */,
				F5EB041501E9C500BA81847F /* MacVaultService.swift */,
				155754323936FEBBC6A9C770 /* MacWorkspaceSidebar.swift */,
				7563E9E18AEEDD5B30C76249 /* MacWorkspaceView.swift */,
			);
			path = macOS;
			sourceTree = "<group>";
		};
		5BD67307E3ED499672173738 /* Sources */ = {
			isa = PBXGroup;
			children = (
				33076A98194187FB8B16F4AE /* iOS */,
				37606C98EE843903AE67A40E /* macOS */,
				D61CB0B33E60C5E09C0030C5 /* Shared */,
			);
			path = Sources;
			sourceTree = "<group>";
		};
		6C1313A32A999F3CA1450D03 /* Packages */ = {
			isa = PBXGroup;
			children = (
				7CE1183F7DFE54CCDBB9C64F /* product-contracts */,
				F3A787710AEFADD5F20D811D /* swift */,
			);
			name = Packages;
			sourceTree = "<group>";
		};
		7CFF3351C44EC2D18989B8D7 = {
			isa = PBXGroup;
			children = (
				C88B60C2E294E6006CF7641C /* Assets.xcassets */,
				6C1313A32A999F3CA1450D03 /* Packages */,
				5BD67307E3ED499672173738 /* Sources */,
				EB7E8E55F094217FB33625AB /* Tests */,
				87072E869E85738878EC7BED /* Products */,
			);
			sourceTree = "<group>";
		};
		87072E869E85738878EC7BED /* Products */ = {
			isa = PBXGroup;
			children = (
				0538B36E2E874361D2118DB5 /* Grimoire.app */,
				73B0BF9AC12C5E5F374E01EB /* Grimoire.app */,
				778C26C4861A70A7D7C8CBC0 /* GrimoireTests.xctest */,
			);
			name = Products;
			sourceTree = "<group>";
		};
		D61CB0B33E60C5E09C0030C5 /* Shared */ = {
			isa = PBXGroup;
			children = (
				D0E6D38440D359F3DB27C85F /* GrimoireDocumentModel.swift */,
				29949C66B55D5052C26F6E5B /* GrimoireRootView.swift */,
				C4C42BD67D2571E70249870D /* GrimoireVaultService.swift */,
				8F42FBDE1D280FA325B5C641 /* GrimoireWorkspaceModel.swift */,
				E40535574C5DF6C52E0F4C0F /* NotebookCapture.swift */,
				3D0DA9C105A8811654F22980 /* WorkspaceDocumentVaultMapping.swift */,
				53357C44746F34021F61D105 /* WorkspaceNavigation.swift */,
				84DB676DB429E3DC9125F3AF /* WorkspacePreviewDocuments.swift */,
			);
			path = Shared;
			sourceTree = "<group>";
		};
		D910D0FB8E383D0315E095F2 /* macOS */ = {
			isa = PBXGroup;
			children = (
				A502D3E84A1D440C216EF27A /* GrimoireWorkspaceModelTests.swift */,
			);
			path = macOS;
			sourceTree = "<group>";
		};
		EB7E8E55F094217FB33625AB /* Tests */ = {
			isa = PBXGroup;
			children = (
				D910D0FB8E383D0315E095F2 /* macOS */,
			);
			path = Tests;
			sourceTree = "<group>";
		};
/* End PBXGroup section */

/* Begin PBXNativeTarget section */
		1960C4231DC59C3C63AAB5D5 /* GrimoireTests */ = {
			isa = PBXNativeTarget;
			buildConfigurationList = 2D0EE3726C0B0027E0426584 /* Build configuration list for PBXNativeTarget "GrimoireTests" */;
			buildPhases = (
				C9902700BA06E2DBEE06BA9D /* Sources */,
			);
			buildRules = (
			);
			dependencies = (
				045C01EF9192FFC3E9123F19 /* PBXTargetDependency */,
			);
			name = GrimoireTests;
			packageProductDependencies = (
			);
			productName = GrimoireTests;
			productReference = 778C26C4861A70A7D7C8CBC0 /* GrimoireTests.xctest */;
			productType = "com.apple.product-type.bundle.unit-test";
		};
		B80C4D1DDDEDBFD45ECFB7A9 /* Grimoire */ = {
			isa = PBXNativeTarget;
			buildConfigurationList = B555B5DCFC5A40DDE30E8D8E /* Build configuration list for PBXNativeTarget "Grimoire" */;
			buildPhases = (
				58A8493599744314058E8803 /* Build Grimoire Vault Core */,
				600306DAB86517449BEA1B41 /* Sources */,
				0601FFC2D37C8EFD32B03788 /* Resources */,
				EA191DE78C94040B8D6F988B /* Frameworks */,
			);
			buildRules = (
			);
			dependencies = (
			);
			name = Grimoire;
			packageProductDependencies = (
				0E4AC7DA34E4DC5678298629 /* MarkdownEditor */,
				A8917BAEFF5A713D93222F7F /* MarkdownEditorUI */,
				10729073694254F9B7930EC1 /* GrimoireProductContracts */,
			);
			productName = Grimoire;
			productReference = 0538B36E2E874361D2118DB5 /* Grimoire.app */;
			productType = "com.apple.product-type.application";
		};
		CF56F1AA7C7172727ACE6598 /* Grimoire-iOS */ = {
			isa = PBXNativeTarget;
			buildConfigurationList = BB7939D4C3E37BAA6C42FD5E /* Build configuration list for PBXNativeTarget "Grimoire-iOS" */;
			buildPhases = (
				A5AC3909D7A45E754416B843 /* Sources */,
				F4E24A3D43EEDCDFA6C95C99 /* Resources */,
				E8BB37495CDDCBC33EFE325C /* Frameworks */,
			);
			buildRules = (
			);
			dependencies = (
			);
			name = "Grimoire-iOS";
			packageProductDependencies = (
				ACA50019022706A5E4864349 /* MarkdownEditor */,
				9C796F9D3EF326A64A1D4D10 /* MarkdownEditorUI */,
				29D4091711E973810A31602B /* GrimoireProductContracts */,
			);
			productName = "Grimoire-iOS";
			productReference = 73B0BF9AC12C5E5F374E01EB /* Grimoire.app */;
			productType = "com.apple.product-type.application";
		};
/* End PBXNativeTarget section */

/* Begin PBXProject section */
		7433E3A51D34F80EA75C6E94 /* Project object */ = {
			isa = PBXProject;
			attributes = {
				BuildIndependentTargetsInParallel = YES;
				LastUpgradeCheck = 1430;
				TargetAttributes = {
				};
			};
			buildConfigurationList = 5769589B3936E70015350B2D /* Build configuration list for PBXProject "GrimoireApple" */;
			developmentRegion = en;
			hasScannedForEncodings = 0;
			knownRegions = (
				Base,
				en,
			);
			mainGroup = 7CFF3351C44EC2D18989B8D7;
			minimizedProjectReferenceProxies = 1;
			packageReferences = (
				01F196B4CC608FEE282CA329 /* XCLocalSwiftPackageReference "../../packages/product-contracts" */,
				816CF466740FAED7CFA3B239 /* XCLocalSwiftPackageReference "../../markdown-editor/packages/swift" */,
			);
			preferredProjectObjectVersion = 77;
			productRefGroup = 87072E869E85738878EC7BED /* Products */;
			projectDirPath = "";
			projectRoot = "";
			targets = (
				B80C4D1DDDEDBFD45ECFB7A9 /* Grimoire */,
				CF56F1AA7C7172727ACE6598 /* Grimoire-iOS */,
				1960C4231DC59C3C63AAB5D5 /* GrimoireTests */,
			);
		};
/* End PBXProject section */

/* Begin PBXResourcesBuildPhase section */
		0601FFC2D37C8EFD32B03788 /* Resources */ = {
			isa = PBXResourcesBuildPhase;
			buildActionMask = 2147483647;
			files = (
				F7645632AF619C2360E621A9 /* Assets.xcassets in Resources */,
			);
			runOnlyForDeploymentPostprocessing = 0;
		};
		F4E24A3D43EEDCDFA6C95C99 /* Resources */ = {
			isa = PBXResourcesBuildPhase;
			buildActionMask = 2147483647;
			files = (
				E6A8C8770230BB2408B9DC6E /* Assets.xcassets in Resources */,
			);
			runOnlyForDeploymentPostprocessing = 0;
		};
/* End PBXResourcesBuildPhase section */

/* Begin PBXShellScriptBuildPhase section */
		58A8493599744314058E8803 /* Build Grimoire Vault Core */ = {
			isa = PBXShellScriptBuildPhase;
			alwaysOutOfDate = 1;
			buildActionMask = 2147483647;
			files = (
			);
			inputFileListPaths = (
			);
			inputPaths = (
			);
			name = "Build Grimoire Vault Core";
			outputFileListPaths = (
			);
			outputPaths = (
			);
			runOnlyForDeploymentPostprocessing = 0;
			shellPath = /bin/sh;
			shellScript = "set -euo pipefail\ncd \"$SRCROOT/../..\"\ncargo build --manifest-path src-tauri/Cargo.toml -p grimoire-core --locked\n";
		};
/* End PBXShellScriptBuildPhase section */

/* Begin PBXSourcesBuildPhase section */
		600306DAB86517449BEA1B41 /* Sources */ = {
			isa = PBXSourcesBuildPhase;
			buildActionMask = 2147483647;
			files = (
				67068215906EB30D81195453 /* GrimoireDocumentModel.swift in Sources */,
				CD20D936D61774C7DC6BB05E /* GrimoireMacApp.swift in Sources */,
				736F29C5769E33A4DBA6CEDD /* GrimoireRootView.swift in Sources */,
				AEDDEA5E8221AAD5632BFFDF /* GrimoireVaultService.swift in Sources */,
				500278AC770BF2FFF0EF2357 /* GrimoireWorkspaceModel.swift in Sources */,
				D273A35E55FAB8DA878831B2 /* MacContextInspector.swift in Sources */,
				9290EDDDA015DC8469F37A8D /* MacEditorWorkspace.swift in Sources */,
				0C0CB0910404C6F1CC434CA4 /* MacMarkdownPreview.swift in Sources */,
				8CC942FA0A4170755A10F090 /* MacNativeMaterial.swift in Sources */,
				4E39826C9A6B0DDCA201A4C2 /* MacNewNoteSheet.swift in Sources */,
				F1E4805C8D694856FC41FC4B /* MacNotebookDashboard.swift in Sources */,
				D9F77D763BF78EC044291E45 /* MacNotebookTheme.swift in Sources */,
				A0B538CCDBE32353D82244EC /* MacPageList.swift in Sources */,
				767200D5620DF6E3EED164F9 /* MacVaultService.swift in Sources */,
				A2F493B61DC63C6AB87C8E82 /* MacWorkspaceSidebar.swift in Sources */,
				6E08A92E409FD3060D73FF3D /* MacWorkspaceView.swift in Sources */,
				F61BC101DBA65678A3881D40 /* NotebookCapture.swift in Sources */,
				CCF45F6D8293D4F807378A66 /* WorkspaceDocumentVaultMapping.swift in Sources */,
				DBC2D516FD5118D9ADEAD832 /* WorkspaceNavigation.swift in Sources */,
				19AED429D943C93B52F859C1 /* WorkspacePreviewDocuments.swift in Sources */,
			);
			runOnlyForDeploymentPostprocessing = 0;
		};
		A5AC3909D7A45E754416B843 /* Sources */ = {
			isa = PBXSourcesBuildPhase;
			buildActionMask = 2147483647;
			files = (
				7B36A404D9C4F5DB19FC7FA4 /* GrimoireDocumentModel.swift in Sources */,
				BD48F4487E31E9F5F43495BE /* GrimoireIOSApp.swift in Sources */,
				5850B02064DB46BD6B4CBF92 /* GrimoireRootView.swift in Sources */,
				611085071DCED9B58F17090C /* GrimoireVaultService.swift in Sources */,
				AEAFF3DD7AAAE511D53BBD18 /* GrimoireWorkspaceModel.swift in Sources */,
				BCC6C33F66ECF2919F170F18 /* NotebookCapture.swift in Sources */,
				102379917992FC0E072A4D94 /* WorkspaceDocumentVaultMapping.swift in Sources */,
				091FDAD32F081016EF26B633 /* WorkspaceNavigation.swift in Sources */,
				C2404C2A7A20E8E55A789D48 /* WorkspacePreviewDocuments.swift in Sources */,
			);
			runOnlyForDeploymentPostprocessing = 0;
		};
		C9902700BA06E2DBEE06BA9D /* Sources */ = {
			isa = PBXSourcesBuildPhase;
			buildActionMask = 2147483647;
			files = (
				E18EA4BA0DE467B00EEA12E5 /* GrimoireWorkspaceModelTests.swift in Sources */,
			);
			runOnlyForDeploymentPostprocessing = 0;
		};
/* End PBXSourcesBuildPhase section */

/* Begin PBXTargetDependency section */
		045C01EF9192FFC3E9123F19 /* PBXTargetDependency */ = {
			isa = PBXTargetDependency;
			target = B80C4D1DDDEDBFD45ECFB7A9 /* Grimoire */;
			targetProxy = 30ACB22B80DCB25A88113164 /* PBXContainerItemProxy */;
		};
/* End PBXTargetDependency section */

/* Begin XCBuildConfiguration section */
		262352B3DD2D8B85A4CE8089 /* Release */ = {
			isa = XCBuildConfiguration;
			buildSettings = {
				BUNDLE_LOADER = "$(TEST_HOST)";
				COMBINE_HIDPI_IMAGES = YES;
				GENERATE_INFOPLIST_FILE = YES;
				LD_RUNPATH_SEARCH_PATHS = (
					"$(inherited)",
					"@executable_path/../Frameworks",
					"@loader_path/../Frameworks",
				);
				PRODUCT_BUNDLE_IDENTIFIER = com.sriinnu.grimoire.tests;
				SDKROOT = macosx;
				SWIFT_VERSION = 6.0;
				TEST_HOST = "$(BUILT_PRODUCTS_DIR)/Grimoire.app/Contents/MacOS/Grimoire";
			};
			name = Release;
		};
		2BADE139D2141DDF9D55EDB2 /* Release */ = {
			isa = XCBuildConfiguration;
			buildSettings = {
				ASSETCATALOG_COMPILER_APPICON_NAME = AppIcon;
				CODE_SIGN_IDENTITY = "iPhone Developer";
				CURRENT_PROJECT_VERSION = 1;
				GENERATE_INFOPLIST_FILE = YES;
				INFOPLIST_KEY_UILaunchScreen_Generation = YES;
				INFOPLIST_KEY_UISupportedInterfaceOrientations_iPad = "UIInterfaceOrientationPortrait UIInterfaceOrientationPortraitUpsideDown UIInterfaceOrientationLandscapeLeft UIInterfaceOrientationLandscapeRight";
				INFOPLIST_KEY_UISupportedInterfaceOrientations_iPhone = "UIInterfaceOrientationPortrait UIInterfaceOrientationLandscapeLeft UIInterfaceOrientationLandscapeRight";
				LD_RUNPATH_SEARCH_PATHS = (
					"$(inherited)",
					"@executable_path/Frameworks",
				);
				MARKETING_VERSION = 0.1.0;
				PRODUCT_BUNDLE_IDENTIFIER = com.sriinnu.grimoire;
				PRODUCT_NAME = Grimoire;
				SDKROOT = iphoneos;
				SWIFT_VERSION = 6.0;
				TARGETED_DEVICE_FAMILY = "1,2";
			};
			name = Release;
		};
		5563EEFDD5318A0CE7B20E0C /* Debug */ = {
			isa = XCBuildConfiguration;
			buildSettings = {
				BUNDLE_LOADER = "$(TEST_HOST)";
				COMBINE_HIDPI_IMAGES = YES;
				GENERATE_INFOPLIST_FILE = YES;
				LD_RUNPATH_SEARCH_PATHS = (
					"$(inherited)",
					"@executable_path/../Frameworks",
					"@loader_path/../Frameworks",
				);
				PRODUCT_BUNDLE_IDENTIFIER = com.sriinnu.grimoire.tests;
				SDKROOT = macosx;
				SWIFT_VERSION = 6.0;
				TEST_HOST = "$(BUILT_PRODUCTS_DIR)/Grimoire.app/Contents/MacOS/Grimoire";
			};
			name = Debug;
		};
		6CF3E1616D586294C861BCF6 /* Debug */ = {
			isa = XCBuildConfiguration;
			buildSettings = {
				ASSETCATALOG_COMPILER_APPICON_NAME = AppIcon;
				CODE_SIGN_IDENTITY = "iPhone Developer";
				CURRENT_PROJECT_VERSION = 1;
				GENERATE_INFOPLIST_FILE = YES;
				INFOPLIST_KEY_UILaunchScreen_Generation = YES;
				INFOPLIST_KEY_UISupportedInterfaceOrientations_iPad = "UIInterfaceOrientationPortrait UIInterfaceOrientationPortraitUpsideDown UIInterfaceOrientationLandscapeLeft UIInterfaceOrientationLandscapeRight";
				INFOPLIST_KEY_UISupportedInterfaceOrientations_iPhone = "UIInterfaceOrientationPortrait UIInterfaceOrientationLandscapeLeft UIInterfaceOrientationLandscapeRight";
				LD_RUNPATH_SEARCH_PATHS = (
					"$(inherited)",
					"@executable_path/Frameworks",
				);
				MARKETING_VERSION = 0.1.0;
				PRODUCT_BUNDLE_IDENTIFIER = com.sriinnu.grimoire;
				PRODUCT_NAME = Grimoire;
				SDKROOT = iphoneos;
				SWIFT_VERSION = 6.0;
				TARGETED_DEVICE_FAMILY = "1,2";
			};
			name = Debug;
		};
		A02825494D0056C1F141171E /* Debug */ = {
			isa = XCBuildConfiguration;
			buildSettings = {
				ASSETCATALOG_COMPILER_APPICON_NAME = AppIcon;
				COMBINE_HIDPI_IMAGES = YES;
				CURRENT_PROJECT_VERSION = 1;
				ENABLE_HARDENED_RUNTIME = YES;
				ENABLE_USER_SCRIPT_SANDBOXING = NO;
				GENERATE_INFOPLIST_FILE = YES;
				LD_RUNPATH_SEARCH_PATHS = (
					"$(inherited)",
					"@executable_path/../Frameworks",
				);
				LIBRARY_SEARCH_PATHS = "$(inherited) $(SRCROOT)/../../src-tauri/target/debug";
				MARKETING_VERSION = 0.1.0;
				OTHER_LDFLAGS = "$(inherited) -lgrimoire_core";
				PRODUCT_BUNDLE_IDENTIFIER = com.sriinnu.grimoire;
				PRODUCT_NAME = Grimoire;
				SDKROOT = macosx;
				SWIFT_OBJC_BRIDGING_HEADER = Support/GrimoireVaultCore.h;
				SWIFT_VERSION = 6.0;
			};
			name = Debug;
		};
		B43E88AF7C6FC681DE21D82B /* Release */ = {
			isa = XCBuildConfiguration;
			buildSettings = {
				ALWAYS_SEARCH_USER_PATHS = NO;
				CLANG_ANALYZER_NONNULL = YES;
				CLANG_ANALYZER_NUMBER_OBJECT_CONVERSION = YES_AGGRESSIVE;
				CLANG_CXX_LANGUAGE_STANDARD = "gnu++14";
				CLANG_CXX_LIBRARY = "libc++";
				CLANG_ENABLE_MODULES = YES;
				CLANG_ENABLE_OBJC_ARC = YES;
				CLANG_ENABLE_OBJC_WEAK = YES;
				CLANG_WARN_BLOCK_CAPTURE_AUTORELEASING = YES;
				CLANG_WARN_BOOL_CONVERSION = YES;
				CLANG_WARN_COMMA = YES;
				CLANG_WARN_CONSTANT_CONVERSION = YES;
				CLANG_WARN_DEPRECATED_OBJC_IMPLEMENTATIONS = YES;
				CLANG_WARN_DIRECT_OBJC_ISA_USAGE = YES_ERROR;
				CLANG_WARN_DOCUMENTATION_COMMENTS = YES;
				CLANG_WARN_EMPTY_BODY = YES;
				CLANG_WARN_ENUM_CONVERSION = YES;
				CLANG_WARN_INFINITE_RECURSION = YES;
				CLANG_WARN_INT_CONVERSION = YES;
				CLANG_WARN_NON_LITERAL_NULL_CONVERSION = YES;
				CLANG_WARN_OBJC_IMPLICIT_RETAIN_SELF = YES;
				CLANG_WARN_OBJC_LITERAL_CONVERSION = YES;
				CLANG_WARN_OBJC_ROOT_CLASS = YES_ERROR;
				CLANG_WARN_QUOTED_INCLUDE_IN_FRAMEWORK_HEADER = YES;
				CLANG_WARN_RANGE_LOOP_ANALYSIS = YES;
				CLANG_WARN_STRICT_PROTOTYPES = YES;
				CLANG_WARN_SUSPICIOUS_MOVE = YES;
				CLANG_WARN_UNGUARDED_AVAILABILITY = YES_AGGRESSIVE;
				CLANG_WARN_UNREACHABLE_CODE = YES;
				CLANG_WARN__DUPLICATE_METHOD_MATCH = YES;
				COPY_PHASE_STRIP = NO;
				DEBUG_INFORMATION_FORMAT = "dwarf-with-dsym";
				ENABLE_NS_ASSERTIONS = NO;
				ENABLE_STRICT_OBJC_MSGSEND = YES;
				GCC_C_LANGUAGE_STANDARD = gnu11;
				GCC_NO_COMMON_BLOCKS = YES;
				GCC_WARN_64_TO_32_BIT_CONVERSION = YES;
				GCC_WARN_ABOUT_RETURN_TYPE = YES_ERROR;
				GCC_WARN_UNDECLARED_SELECTOR = YES;
				GCC_WARN_UNINITIALIZED_AUTOS = YES_AGGRESSIVE;
				GCC_WARN_UNUSED_FUNCTION = YES;
				GCC_WARN_UNUSED_VARIABLE = YES;
				IPHONEOS_DEPLOYMENT_TARGET = 17.0;
				MACOSX_DEPLOYMENT_TARGET = 14.0;
				MTL_ENABLE_DEBUG_INFO = NO;
				MTL_FAST_MATH = YES;
				PRODUCT_NAME = "$(TARGET_NAME)";
				SWIFT_COMPILATION_MODE = wholemodule;
				SWIFT_OPTIMIZATION_LEVEL = "-O";
				SWIFT_VERSION = 5.0;
			};
			name = Release;
		};
		CA4AA987220175E6FB62175A /* Release */ = {
			isa = XCBuildConfiguration;
			buildSettings = {
				ASSETCATALOG_COMPILER_APPICON_NAME = AppIcon;
				COMBINE_HIDPI_IMAGES = YES;
				CURRENT_PROJECT_VERSION = 1;
				ENABLE_HARDENED_RUNTIME = YES;
				ENABLE_USER_SCRIPT_SANDBOXING = NO;
				GENERATE_INFOPLIST_FILE = YES;
				LD_RUNPATH_SEARCH_PATHS = (
					"$(inherited)",
					"@executable_path/../Frameworks",
				);
				LIBRARY_SEARCH_PATHS = "$(inherited) $(SRCROOT)/../../src-tauri/target/debug";
				MARKETING_VERSION = 0.1.0;
				OTHER_LDFLAGS = "$(inherited) -lgrimoire_core";
				PRODUCT_BUNDLE_IDENTIFIER = com.sriinnu.grimoire;
				PRODUCT_NAME = Grimoire;
				SDKROOT = macosx;
				SWIFT_OBJC_BRIDGING_HEADER = Support/GrimoireVaultCore.h;
				SWIFT_VERSION = 6.0;
			};
			name = Release;
		};
		CD526E5058E868A3176821C0 /* Debug */ = {
			isa = XCBuildConfiguration;
			buildSettings = {
				ALWAYS_SEARCH_USER_PATHS = NO;
				CLANG_ANALYZER_NONNULL = YES;
				CLANG_ANALYZER_NUMBER_OBJECT_CONVERSION = YES_AGGRESSIVE;
				CLANG_CXX_LANGUAGE_STANDARD = "gnu++14";
				CLANG_CXX_LIBRARY = "libc++";
				CLANG_ENABLE_MODULES = YES;
				CLANG_ENABLE_OBJC_ARC = YES;
				CLANG_ENABLE_OBJC_WEAK = YES;
				CLANG_WARN_BLOCK_CAPTURE_AUTORELEASING = YES;
				CLANG_WARN_BOOL_CONVERSION = YES;
				CLANG_WARN_COMMA = YES;
				CLANG_WARN_CONSTANT_CONVERSION = YES;
				CLANG_WARN_DEPRECATED_OBJC_IMPLEMENTATIONS = YES;
				CLANG_WARN_DIRECT_OBJC_ISA_USAGE = YES_ERROR;
				CLANG_WARN_DOCUMENTATION_COMMENTS = YES;
				CLANG_WARN_EMPTY_BODY = YES;
				CLANG_WARN_ENUM_CONVERSION = YES;
				CLANG_WARN_INFINITE_RECURSION = YES;
				CLANG_WARN_INT_CONVERSION = YES;
				CLANG_WARN_NON_LITERAL_NULL_CONVERSION = YES;
				CLANG_WARN_OBJC_IMPLICIT_RETAIN_SELF = YES;
				CLANG_WARN_OBJC_LITERAL_CONVERSION = YES;
				CLANG_WARN_OBJC_ROOT_CLASS = YES_ERROR;
				CLANG_WARN_QUOTED_INCLUDE_IN_FRAMEWORK_HEADER = YES;
				CLANG_WARN_RANGE_LOOP_ANALYSIS = YES;
				CLANG_WARN_STRICT_PROTOTYPES = YES;
				CLANG_WARN_SUSPICIOUS_MOVE = YES;
				CLANG_WARN_UNGUARDED_AVAILABILITY = YES_AGGRESSIVE;
				CLANG_WARN_UNREACHABLE_CODE = YES;
				CLANG_WARN__DUPLICATE_METHOD_MATCH = YES;
				COPY_PHASE_STRIP = NO;
				DEBUG_INFORMATION_FORMAT = dwarf;
				ENABLE_STRICT_OBJC_MSGSEND = YES;
				ENABLE_TESTABILITY = YES;
				GCC_C_LANGUAGE_STANDARD = gnu11;
				GCC_DYNAMIC_NO_PIC = NO;
				GCC_NO_COMMON_BLOCKS = YES;
				GCC_OPTIMIZATION_LEVEL = 0;
				GCC_PREPROCESSOR_DEFINITIONS = (
					"$(inherited)",
					"DEBUG=1",
				);
				GCC_WARN_64_TO_32_BIT_CONVERSION = YES;
				GCC_WARN_ABOUT_RETURN_TYPE = YES_ERROR;
				GCC_WARN_UNDECLARED_SELECTOR = YES;
				GCC_WARN_UNINITIALIZED_AUTOS = YES_AGGRESSIVE;
				GCC_WARN_UNUSED_FUNCTION = YES;
				GCC_WARN_UNUSED_VARIABLE = YES;
				IPHONEOS_DEPLOYMENT_TARGET = 17.0;
				MACOSX_DEPLOYMENT_TARGET = 14.0;
				MTL_ENABLE_DEBUG_INFO = INCLUDE_SOURCE;
				MTL_FAST_MATH = YES;
				ONLY_ACTIVE_ARCH = YES;
				PRODUCT_NAME = "$(TARGET_NAME)";
				SWIFT_ACTIVE_COMPILATION_CONDITIONS = DEBUG;
				SWIFT_OPTIMIZATION_LEVEL = "-Onone";
				SWIFT_VERSION = 5.0;
			};
			name = Debug;
		};
/* End XCBuildConfiguration section */

/* Begin XCConfigurationList section */
		2D0EE3726C0B0027E0426584 /* Build configuration list for PBXNativeTarget "GrimoireTests" */ = {
			isa = XCConfigurationList;
			buildConfigurations = (
				5563EEFDD5318A0CE7B20E0C /* Debug */,
				262352B3DD2D8B85A4CE8089 /* Release */,
			);
			defaultConfigurationIsVisible = 0;
			defaultConfigurationName = Debug;
		};
		5769589B3936E70015350B2D /* Build configuration list for PBXProject "GrimoireApple" */ = {
			isa = XCConfigurationList;
			buildConfigurations = (
				CD526E5058E868A3176821C0 /* Debug */,
				B43E88AF7C6FC681DE21D82B /* Release */,
			);
			defaultConfigurationIsVisible = 0;
			defaultConfigurationName = Debug;
		};
		B555B5DCFC5A40DDE30E8D8E /* Build configuration list for PBXNativeTarget "Grimoire" */ = {
			isa = XCConfigurationList;
			buildConfigurations = (
				A02825494D0056C1F141171E /* Debug */,
				CA4AA987220175E6FB62175A /* Release */,
			);
			defaultConfigurationIsVisible = 0;
			defaultConfigurationName = Debug;
		};
		BB7939D4C3E37BAA6C42FD5E /* Build configuration list for PBXNativeTarget "Grimoire-iOS" */ = {
			isa = XCConfigurationList;
			buildConfigurations = (
				6CF3E1616D586294C861BCF6 /* Debug */,
				2BADE139D2141DDF9D55EDB2 /* Release */,
			);
			defaultConfigurationIsVisible = 0;
			defaultConfigurationName = Debug;
		};
/* End XCConfigurationList section */

/* Begin XCLocalSwiftPackageReference section */
		01F196B4CC608FEE282CA329 /* XCLocalSwiftPackageReference "../../packages/product-contracts" */ = {
			isa = XCLocalSwiftPackageReference;
			relativePath = "../../packages/product-contracts";
		};
		816CF466740FAED7CFA3B239 /* XCLocalSwiftPackageReference "../../markdown-editor/packages/swift" */ = {
			isa = XCLocalSwiftPackageReference;
			relativePath = "../../markdown-editor/packages/swift";
		};
/* End XCLocalSwiftPackageReference section */

/* Begin XCSwiftPackageProductDependency section */
		0E4AC7DA34E4DC5678298629 /* MarkdownEditor */ = {
			isa = XCSwiftPackageProductDependency;
			productName = MarkdownEditor;
		};
		10729073694254F9B7930EC1 /* GrimoireProductContracts */ = {
			isa = XCSwiftPackageProductDependency;
			productName = GrimoireProductContracts;
		};
		29D4091711E973810A31602B /* GrimoireProductContracts */ = {
			isa = XCSwiftPackageProductDependency;
			productName = GrimoireProductContracts;
		};
		9C796F9D3EF326A64A1D4D10 /* MarkdownEditorUI */ = {
			isa = XCSwiftPackageProductDependency;
			productName = MarkdownEditorUI;
		};
		A8917BAEFF5A713D93222F7F /* MarkdownEditorUI */ = {
			isa = XCSwiftPackageProductDependency;
			productName = MarkdownEditorUI;
		};
		ACA50019022706A5E4864349 /* MarkdownEditor */ = {
			isa = XCSwiftPackageProductDependency;
			productName = MarkdownEditor;
		};
/* End XCSwiftPackageProductDependency section */
	};
	rootObject = 7433E3A51D34F80EA75C6E94 /* Project object */;
}
